// !$*UTF8*$!
{
	archiveVersion = 1;
	classes = {
	};
	objectVersion = 50;
	objects = {

/* Begin PBXBuildFile section */
		3B7FACAC26E4BA4100CB2A3C /* COVID_Tracker_VICApp.swift in Sources */ = {isa = PBXBuildFile; fileRef = 3B7FACAB26E4BA4100CB2A3C /* COVID_Tracker_VICApp.swift */; };
		3B7FACAE26E4BA4100CB2A3C /* LGAListView.swift in Sources */ = {isa = PBXBuildFile; fileRef = 3B7FACAD26E4BA4100CB2A3C /* LGAListView.swift */; };
		3B7FACB026E4BA4300CB2A3C /* Assets.xcassets in Resources */ = {isa = PBXBuildFile; fileRef = 3B7FACAF26E4BA4300CB2A3C /* Assets.xcassets */; };
		3B7FACB326E4BA4300CB2A3C /* Preview Assets.xcassets in Resources */ = {isa = PBXBuildFile; fileRef = 3B7FACB226E4BA4300CB2A3C /* Preview Assets.xcassets */; };
		3B7FACBC26E4BA5600CB2A3C /* LGARecord.swift in Sources */ = {isa = PBXBuildFile; fileRef = 3B7FACBB26E4BA5600CB2A3C /* LGARecord.swift */; };
		3B7FACBF26E4BAA300CB2A3C /* String+DateConverter.swift in Sources */ = {isa = PBXBuildFile; fileRef = 3B7FACBE26E4BAA300CB2A3C /* String+DateConverter.swift */; };
		3B7FACC426E4BCA800CB2A3C /* Date+Manipulation.swift in Sources */ = {isa = PBXBuildFile; fileRef = 3B7FACC326E4BCA800CB2A3C /* Date+Manipulation.swift */; };
		3B7FACC626E4C05200CB2A3C /* PostcodeRecord.swift in Sources */ = {isa = PBXBuildFile; fileRef = 3B7FACC526E4C05200CB2A3C /* PostcodeRecord.swift */; };
		3B7FACCA26E4C3E400CB2A3C /* APICaller.swift in Sources */ = {isa = PBXBuildFile; fileRef = 3B7FACC926E4C3E400CB2A3C /* APICaller.swift */; };
		3B7FACCC26E4C65F00CB2A3C /* APIError.swift in Sources */ = {isa = PBXBuildFile; fileRef = 3B7FACCB26E4C65F00CB2A3C /* APIError.swift */; };
		3B7FACCE26E4CAEA00CB2A3C /* APIService.swift in Sources */ = {isa = PBXBuildFile; fileRef = 3B7FACCD26E4CAEA00CB2A3C /* APIService.swift */; };
		3B7FACD126E4CBCC00CB2A3C /* APIRequestType.swift in Sources */ = {isa = PBXBuildFile; fileRef = 3B7FACD026E4CBCC00CB2A3C /* APIRequestType.swift */; };
		3B7FACD326E4D7E700CB2A3C /* Error+Converter.swift in Sources */ = {isa = PBXBuildFile; fileRef = 3B7FACD226E4D7E700CB2A3C /* Error+Converter.swift */; };
		3B7FACD526E4E79D00CB2A3C /* ErrorView.swift in Sources */ = {isa = PBXBuildFile; fileRef = 3B7FACD426E4E79D00CB2A3C /* ErrorView.swift */; };
		3B7FACD726E4E91F00CB2A3C /* LoadingView.swift in Sources */ = {isa = PBXBuildFile; fileRef = 3B7FACD626E4E91F00CB2A3C /* LoadingView.swift */; };
		3B7FACD926E4E9D300CB2A3C /* EntryPointView.swift in Sources */ = {isa = PBXBuildFile; fileRef = 3B7FACD826E4E9D300CB2A3C /* EntryPointView.swift */; };
/* End PBXBuildFile section */

/* Begin PBXFileReference section */
		3B7FACA826E4BA4100CB2A3C /* COVID Tracker VIC.app */ = {isa = PBXFileReference; explicitFileType = wrapper.application; includeInIndex = 0; path = "COVID Tracker VIC.app"; sourceTree = BUILT_PRODUCTS_DIR; };
		3B7FACAB26E4BA4100CB2A3C /* COVID_Tracker_VICApp.swift */ = {isa = PBXFileReference; lastKnownFileType = sourcecode.swift; path = COVID_Tracker_VICApp.swift; sourceTree = "<group>"; };
		3B7FACAD26E4BA4100CB2A3C /* LGAListView.swift */ = {isa = PBXFileReference; lastKnownFileType = sourcecode.swift; path = LGAListView.swift; sourceTree = "<group>"; };
		3B7FACAF26E4BA4300CB2A3C /* Assets.xcassets */ = {isa = PBXFileReference; lastKnownFileType = folder.assetcatalog; path = Assets.xcassets; sourceTree = "<group>"; };
		3B7FACB226E4BA4300CB2A3C /* Preview Assets.xcassets */ = {isa = PBXFileReference; lastKnownFileType = folder.assetcatalog; path = "Preview Assets.xcassets"; sourceTree = "<group>"; };
		3B7FACB426E4BA4300CB2A3C /* Info.plist */ = {isa = PBXFileReference; lastKnownFileType = text.plist.xml; path = Info.plist; sourceTree = "<group>"; };
		3B7FACBB26E4BA5600CB2A3C /* LGARecord.swift */ = {isa = PBXFileReference; lastKnownFileType = sourcecode.swift; path = LGARecord.swift; sourceTree = "<group>"; };
		3B7FACBE26E4BAA300CB2A3C /* String+DateConverter.swift */ = {isa = PBXFileReference; lastKnownFileType = sourcecode.swift; path = "String+DateConverter.swift"; sourceTree = "<group>"; };
		3B7FACC326E4BCA800CB2A3C /* Date+Manipulation.swift */ = {isa = PBXFileReference; lastKnownFileType = sourcecode.swift; path = "Date+Manipulation.swift"; sourceTree = "<group>"; };
		3B7FACC526E4C05200CB2A3C /* PostcodeRecord.swift */ = {isa = PBXFileReference; lastKnownFileType = sourcecode.swift; path = PostcodeRecord.swift; sourceTree = "<group>"; };
		3B7FACC926E4C3E400CB2A3C /* APICaller.swift */ = {isa = PBXFileReference; lastKnownFileType = sourcecode.swift; path = APICaller.swift; sourceTree = "<group>"; };
		3B7FACCB26E4C65F00CB2A3C /* APIError.swift */ = {isa = PBXFileReference; lastKnownFileType = sourcecode.swift; path = APIError.swift; sourceTree = "<group>"; };
		3B7FACCD26E4CAEA00CB2A3C /* APIService.swift */ = {isa = PBXFileReference; lastKnownFileType = sourcecode.swift; path = APIService.swift; sourceTree = "<group>"; };
		3B7FACD026E4CBCC00CB2A3C /* APIRequestType.swift */ = {isa = PBXFileReference; lastKnownFileType = sourcecode.swift; path = APIRequestType.swift; sourceTree = "<group>"; };
		3B7FACD226E4D7E700CB2A3C /* Error+Converter.swift */ = {isa = PBXFileReference; lastKnownFileType = sourcecode.swift; path = "Error+Converter.swift"; sourceTree = "<group>"; };
		3B7FACD426E4E79D00CB2A3C /* ErrorView.swift */ = {isa = PBXFileReference; lastKnownFileType = sourcecode.swift; path = ErrorView.swift; sourceTree = "<group>"; };
		3B7FACD626E4E91F00CB2A3C /* LoadingView.swift */ = {isa = PBXFileReference; lastKnownFileType = sourcecode.swift; path = LoadingView.swift; sourceTree = "<group>"; };
		3B7FACD826E4E9D300CB2A3C /* EntryPointView.swift */ = {isa = PBXFileReference; lastKnownFileType = sourcecode.swift; path = EntryPointView.swift; sourceTree = "<group>"; };
/* End PBXFileReference section */

/* Begin PBXFrameworksBuildPhase section */
		3B7FACA526E4BA4100CB2A3C /* Frameworks */ = {
			isa = PBXFrameworksBuildPhase;
			buildActionMask = 2147483647;
			files = (
			);
			runOnlyForDeploymentPostprocessing = 0;
		};
/* End PBXFrameworksBuildPhase section */

/* Begin PBXGroup section */
		3B7FAC9F26E4BA4100CB2A3C = {
			isa = PBXGroup;
			children = (
				3B7FACAA26E4BA4100CB2A3C /* COVID Tracker VIC */,
				3B7FACA926E4BA4100CB2A3C /* Products */,
			);
			sourceTree = "<group>";
		};
		3B7FACA926E4BA4100CB2A3C /* Products */ = {
			isa = PBXGroup;
			children = (
				3B7FACA826E4BA4100CB2A3C /* COVID Tracker VIC.app */,
			);
			name = Products;
			sourceTree = "<group>";
		};
		3B7FACAA26E4BA4100CB2A3C /* COVID Tracker VIC */ = {
			isa = PBXGroup;
			children = (
				3B7FACCF26E4CBAD00CB2A3C /* Extensions */,
				3B7FACC726E4C3D300CB2A3C /* Networking */,
				3B7FACBD26E4BA9400CB2A3C /* Helpers */,
				3B7FACBA26E4BA4A00CB2A3C /* Model */,
				3B7FACC126E4BB3F00CB2A3C /* App */,
				3B7FACC226E4BB5200CB2A3C /* Views */,
				3B7FACAF26E4BA4300CB2A3C /* Assets.xcassets */,
				3B7FACB426E4BA4300CB2A3C /* Info.plist */,
				3B7FACB126E4BA4300CB2A3C /* Preview Content */,
			);
			path = "COVID Tracker VIC";
			sourceTree = "<group>";
		};
		3B7FACB126E4BA4300CB2A3C /* Preview Content */ = {
			isa = PBXGroup;
			children = (
				3B7FACB226E4BA4300CB2A3C /* Preview Assets.xcassets */,
			);
			path = "Preview Content";
			sourceTree = "<group>";
		};
		3B7FACBA26E4BA4A00CB2A3C /* Model */ = {
			isa = PBXGroup;
			children = (
				3B7FACBB26E4BA5600CB2A3C /* LGARecord.swift */,
				3B7FACC526E4C05200CB2A3C /* PostcodeRecord.swift */,
			);
			path = Model;
			sourceTree = "<group>";
		};
		3B7FACBD26E4BA9400CB2A3C /* Helpers */ = {
			isa = PBXGroup;
			children = (
			);
			path = Helpers;
			sourceTree = "<group>";
		};
		3B7FACC126E4BB3F00CB2A3C /* App */ = {
			isa = PBXGroup;
			children = (
				3B7FACAB26E4BA4100CB2A3C /* COVID_Tracker_VICApp.swift */,
			);
			path = App;
			sourceTree = "<group>";
		};
		3B7FACC226E4BB5200CB2A3C /* Views */ = {
			isa = PBXGroup;
			children = (
				3B7FACAD26E4BA4100CB2A3C /* LGAListView.swift */,
				3B7FACD426E4E79D00CB2A3C /* ErrorView.swift */,
				3B7FACD626E4E91F00CB2A3C /* LoadingView.swift */,
				3B7FACD826E4E9D300CB2A3C /* EntryPointView.swift */,
			);
			path = Views;
			sourceTree = "<group>";
		};
		3B7FACC726E4C3D300CB2A3C /* Networking */ = {
			isa = PBXGroup;
			children = (
				3B7FACC926E4C3E400CB2A3C /* APICaller.swift */,
				3B7FACCB26E4C65F00CB2A3C /* APIError.swift */,
				3B7FACCD26E4CAEA00CB2A3C /* APIService.swift */,
				3B7FACD026E4CBCC00CB2A3C /* APIRequestType.swift */,
			);
			path = Networking;
			sourceTree = "<group>";
		};
		3B7FACCF26E4CBAD00CB2A3C /* Extensions */ = {
			isa = PBXGroup;
			children = (
				3B7FACBE26E4BAA300CB2A3C /* String+DateConverter.swift */,
				3B7FACC326E4BCA800CB2A3C /* Date+Manipulation.swift */,
				3B7FACD226E4D7E700CB2A3C /* Error+Converter.swift */,
			);
			path = Extensions;
			sourceTree = "<group>";
		};
/* End PBXGroup section */

/* Begin PBXNativeTarget section */
		3B7FACA726E4BA4100CB2A3C /* COVID Tracker VIC */ = {
			isa = PBXNativeTarget;
			buildConfigurationList = 3B7FACB726E4BA4300CB2A3C /* Build configuration list for PBXNativeTarget "COVID Tracker VIC" */;
			buildPhases = (
				3B7FACA426E4BA4100CB2A3C /* Sources */,
				3B7FACA526E4BA4100CB2A3C /* Frameworks */,
				3B7FACA626E4BA4100CB2A3C /* Resources */,
			);
			buildRules = (
			);
			dependencies = (
			);
			name = "COVID Tracker VIC";
			productName = "COVID Tracker VIC";
			productReference = 3B7FACA826E4BA4100CB2A3C /* COVID Tracker VIC.app */;
			productType = "com.apple.product-type.application";
		};
/* End PBXNativeTarget section */

/* Begin PBXProject section */
		3B7FACA026E4BA4100CB2A3C /* Project object */ = {
			isa = PBXProject;
			attributes = {
				LastSwiftUpdateCheck = 1250;
				LastUpgradeCheck = 1250;
				TargetAttributes = {
					3B7FACA726E4BA4100CB2A3C = {
						CreatedOnToolsVersion = 12.5.1;
					};
				};
			};
			buildConfigurationList = 3B7FACA326E4BA4100CB2A3C /* Build configuration list for PBXProject "COVID Tracker VIC" */;
			compatibilityVersion = "Xcode 9.3";
			developmentRegion = en;
			hasScannedForEncodings = 0;
			knownRegions = (
				en,
				Base,
			);
			mainGroup = 3B7FAC9F26E4BA4100CB2A3C;
			productRefGroup = 3B7FACA926E4BA4100CB2A3C /* Products */;
			projectDirPath = "";
			projectRoot = "";
			targets = (
				3B7FACA726E4BA4100CB2A3C /* COVID Tracker VIC */,
			);
		};
/* End PBXProject section */

/* Begin PBXResourcesBuildPhase section */
		3B7FACA626E4BA4100CB2A3C /* Resources */ = {
			isa = PBXResourcesBuildPhase;
			buildActionMask = 2147483647;
			files = (
				3B7FACB326E4BA4300CB2A3C /* Preview Assets.xcassets in Resources */,
				3B7FACB026E4BA4300CB2A3C /* Assets.xcassets in Resources */,
			);
			runOnlyForDeploymentPostprocessing = 0;
		};
/* End PBXResourcesBuildPhase section */

/* Begin PBXSourcesBuildPhase section */
		3B7FACA426E4BA4100CB2A3C /* Sources */ = {
			isa = PBXSourcesBuildPhase;
			buildActionMask = 2147483647;
			files = (
				3B7FACD126E4CBCC00CB2A3C /* APIRequestType.swift in Sources */,
				3B7FACAE26E4BA4100CB2A3C /* LGAListView.swift in Sources */,
				3B7FACC626E4C05200CB2A3C /* PostcodeRecord.swift in Sources */,
				3B7FACBF26E4BAA300CB2A3C /* String+DateConverter.swift in Sources */,
				3B7FACCA26E4C3E400CB2A3C /* APICaller.swift in Sources */,
				3B7FACAC26E4BA4100CB2A3C /* COVID_Tracker_VICApp.swift in Sources */,
				3B7FACD326E4D7E700CB2A3C /* Error+Converter.swift in Sources */,
				3B7FACD526E4E79D00CB2A3C /* ErrorView.swift in Sources */,
				3B7FACCC26E4C65F00CB2A3C /* APIError.swift in Sources */,
				3B7FACC426E4BCA800CB2A3C /* Date+Manipulation.swift in Sources */,
				3B7FACCE26E4CAEA00CB2A3C /* APIService.swift in Sources */,
				3B7FACD726E4E91F00CB2A3C /* LoadingView.swift in Sources */,
				3B7FACD926E4E9D300CB2A3C /* EntryPointView.swift in Sources */,
				3B7FACBC26E4BA5600CB2A3C /* LGARecord.swift in Sources */,
			);
			runOnlyForDeploymentPostprocessing = 0;
		};
/* End PBXSourcesBuildPhase section */

/* Begin XCBuildConfiguration section */
		3B7FACB526E4BA4300CB2A3C /* Debug */ = {
			isa = XCBuildConfiguration;
			buildSettings = {
				ALWAYS_SEARCH_USER_PATHS = NO;
				CLANG_ANALYZER_NONNULL = YES;
				CLANG_ANALYZER_NUMBER_OBJECT_CONVERSION = YES_AGGRESSIVE;
				CLANG_CXX_LANGUAGE_STANDARD = "gnu++14";
				CLANG_CXX_LIBRARY = "libc++";
				CLANG_ENABLE_MODULES = YES;
				CLANG_ENABLE_OBJC_ARC = YES;
				CLANG_ENABLE_OBJC_WEAK = YES;
				CLANG_WARN_BLOCK_CAPTURE_AUTORELEASING = YES;
				CLANG_WARN_BOOL_CONVERSION = YES;
				CLANG_WARN_COMMA = YES;
				CLANG_WARN_CONSTANT_CONVERSION = YES;
				CLANG_WARN_DEPRECATED_OBJC_IMPLEMENTATIONS = YES;
				CLANG_WARN_DIRECT_OBJC_ISA_USAGE = YES_ERROR;
				CLANG_WARN_DOCUMENTATION_COMMENTS = YES;
				CLANG_WARN_EMPTY_BODY = YES;
				CLANG_WARN_ENUM_CONVERSION = YES;
				CLANG_WARN_INFINITE_RECURSION = YES;
				CLANG_WARN_INT_CONVERSION = YES;
				CLANG_WARN_NON_LITERAL_NULL_CONVERSION = YES;
				CLANG_WARN_OBJC_IMPLICIT_RETAIN_SELF = YES;
				CLANG_WARN_OBJC_LITERAL_CONVERSION = YES;
				CLANG_WARN_OBJC_ROOT_CLASS = YES_ERROR;
				CLANG_WARN_QUOTED_INCLUDE_IN_FRAMEWORK_HEADER = YES;
				CLANG_WARN_RANGE_LOOP_ANALYSIS = YES;
				CLANG_WARN_STRICT_PROTOTYPES = YES;
				CLANG_WARN_SUSPICIOUS_MOVE = YES;
				CLANG_WARN_UNGUARDED_AVAILABILITY = YES_AGGRESSIVE;
				CLANG_WARN_UNREACHABLE_CODE = YES;
				CLANG_WARN__DUPLICATE_METHOD_MATCH = YES;
				COPY_PHASE_STRIP = NO;
				DEBUG_INFORMATION_FORMAT = dwarf;
				ENABLE_STRICT_OBJC_MSGSEND = YES;
				ENABLE_TESTABILITY = YES;
				GCC_C_LANGUAGE_STANDARD = gnu11;
				GCC_DYNAMIC_NO_PIC = NO;
				GCC_NO_COMMON_BLOCKS = YES;
				GCC_OPTIMIZATION_LEVEL = 0;
				GCC_PREPROCESSOR_DEFINITIONS = (
					"DEBUG=1",
					"$(inherited)",
				);
				GCC_WARN_64_TO_32_BIT_CONVERSION = YES;
				GCC_WARN_ABOUT_RETURN_TYPE = YES_ERROR;
				GCC_WARN_UNDECLARED_SELECTOR = YES;
				GCC_WARN_UNINITIALIZED_AUTOS = YES_AGGRESSIVE;
				GCC_WARN_UNUSED_FUNCTION = YES;
				GCC_WARN_UNUSED_VARIABLE = YES;
				IPHONEOS_DEPLOYMENT_TARGET = 14.5;
				MTL_ENABLE_DEBUG_INFO = INCLUDE_SOURCE;
				MTL_FAST_MATH = YES;
				ONLY_ACTIVE_ARCH = YES;
				SDKROOT = iphoneos;
				SWIFT_ACTIVE_COMPILATION_CONDITIONS = DEBUG;
				SWIFT_OPTIMIZATION_LEVEL = "-Onone";
			};
			name = Debug;
		};
		3B7FACB626E4BA4300CB2A3C /* Release */ = {
			isa = XCBuildConfiguration;
			buildSettings = {
				ALWAYS_SEARCH_USER_PATHS = NO;
				CLANG_ANALYZER_NONNULL = YES;
				CLANG_ANALYZER_NUMBER_OBJECT_CONVERSION = YES_AGGRESSIVE;
				CLANG_CXX_LANGUAGE_STANDARD = "gnu++14";
				CLANG_CXX_LIBRARY = "libc++";
				CLANG_ENABLE_MODULES = YES;
				CLANG_ENABLE_OBJC_ARC = YES;
				CLANG_ENABLE_OBJC_WEAK = YES;
				CLANG_WARN_BLOCK_CAPTURE_AUTORELEASING = YES;
				CLANG_WARN_BOOL_CONVERSION = YES;
				CLANG_WARN_COMMA = YES;
				CLANG_WARN_CONSTANT_CONVERSION = YES;
				CLANG_WARN_DEPRECATED_OBJC_IMPLEMENTATIONS = YES;
				CLANG_WARN_DIRECT_OBJC_ISA_USAGE = YES_ERROR;
				CLANG_WARN_DOCUMENTATION_COMMENTS = YES;
				CLANG_WARN_EMPTY_BODY = YES;
				CLANG_WARN_ENUM_CONVERSION = YES;
				CLANG_WARN_INFINITE_RECURSION = YES;
				CLANG_WARN_INT_CONVERSION = YES;
				CLANG_WARN_NON_LITERAL_NULL_CONVERSION = YES;
				CLANG_WARN_OBJC_IMPLICIT_RETAIN_SELF = YES;
				CLANG_WARN_OBJC_LITERAL_CONVERSION = YES;
				CLANG_WARN_OBJC_ROOT_CLASS = YES_ERROR;
				CLANG_WARN_QUOTED_INCLUDE_IN_FRAMEWORK_HEADER = YES;
				CLANG_WARN_RANGE_LOOP_ANALYSIS = YES;
				CLANG_WARN_STRICT_PROTOTYPES = YES;
				CLANG_WARN_SUSPICIOUS_MOVE = YES;
				CLANG_WARN_UNGUARDED_AVAILABILITY = YES_AGGRESSIVE;
				CLANG_WARN_UNREACHABLE_CODE = YES;
				CLANG_WARN__DUPLICATE_METHOD_MATCH = YES;
				COPY_PHASE_STRIP = NO;
				DEBUG_INFORMATION_FORMAT = "dwarf-with-dsym";
				ENABLE_NS_ASSERTIONS = NO;
				ENABLE_STRICT_OBJC_MSGSEND = YES;
				GCC_C_LANGUAGE_STANDARD = gnu11;
				GCC_NO_COMMON_BLOCKS = YES;
				GCC_WARN_64_TO_32_BIT_CONVERSION = YES;
				GCC_WARN_ABOUT_RETURN_TYPE = YES_ERROR;
				GCC_WARN_UNDECLARED_SELECTOR = YES;
				GCC_WARN_UNINITIALIZED_AUTOS = YES_AGGRESSIVE;
				GCC_WARN_UNUSED_FUNCTION = YES;
				GCC_WARN_UNUSED_VARIABLE = YES;
				IPHONEOS_DEPLOYMENT_TARGET = 14.5;
				MTL_ENABLE_DEBUG_INFO = NO;
				MTL_FAST_MATH = YES;
				SDKROOT = iphoneos;
				SWIFT_COMPILATION_MODE = wholemodule;
				SWIFT_OPTIMIZATION_LEVEL = "-O";
				VALIDATE_PRODUCT = YES;
			};
			name = Release;
		};
		3B7FACB826E4BA4300CB2A3C /* Debug */ = {
			isa = XCBuildConfiguration;
			buildSettings = {
				ASSETCATALOG_COMPILER_APPICON_NAME = AppIcon;
				ASSETCATALOG_COMPILER_GLOBAL_ACCENT_COLOR_NAME = AccentColor;
				CODE_SIGN_STYLE = Automatic;
				DEVELOPMENT_ASSET_PATHS = "\"COVID Tracker VIC/Preview Content\"";
				DEVELOPMENT_TEAM = 5FQ33QXJZ3;
				ENABLE_PREVIEWS = YES;
				INFOPLIST_FILE = "COVID Tracker VIC/Info.plist";
				IPHONEOS_DEPLOYMENT_TARGET = 14.0;
				LD_RUNPATH_SEARCH_PATHS = (
					"$(inherited)",
					"@executable_path/Frameworks",
				);
				PRODUCT_BUNDLE_IDENTIFIER = "com.vinnie.COVID-Tracker-VIC";
				PRODUCT_NAME = "$(TARGET_NAME)";
				SWIFT_VERSION = 5.0;
				TARGETED_DEVICE_FAMILY = "1,2";
			};
			name = Debug;
		};
		3B7FACB926E4BA4300CB2A3C /* Release */ = {
			isa = XCBuildConfiguration;
			buildSettings = {
				ASSETCATALOG_COMPILER_APPICON_NAME = AppIcon;
				ASSETCATALOG_COMPILER_GLOBAL_ACCENT_COLOR_NAME = AccentColor;
				CODE_SIGN_STYLE = Automatic;
				DEVELOPMENT_ASSET_PATHS = "\"COVID Tracker VIC/Preview Content\"";
				DEVELOPMENT_TEAM = 5FQ33QXJZ3;
				ENABLE_PREVIEWS = YES;
				INFOPLIST_FILE = "COVID Tracker VIC/Info.plist";
				IPHONEOS_DEPLOYMENT_TARGET = 14.0;
				LD_RUNPATH_SEARCH_PATHS = (
					"$(inherited)",
					"@executable_path/Frameworks",
				);
				PRODUCT_BUNDLE_IDENTIFIER = "com.vinnie.COVID-Tracker-VIC";
				PRODUCT_NAME = "$(TARGET_NAME)";
				SWIFT_VERSION = 5.0;
				TARGETED_DEVICE_FAMILY = "1,2";
			};
			name = Release;
		};
/* End XCBuildConfiguration section */

/* Begin XCConfigurationList section */
		3B7FACA326E4BA4100CB2A3C /* Build configuration list for PBXProject "COVID Tracker VIC" */ = {
			isa = XCConfigurationList;
			buildConfigurations = (
				3B7FACB526E4BA4300CB2A3C /* Debug */,
				3B7FACB626E4BA4300CB2A3C /* Release */,
			);
			defaultConfigurationIsVisible = 0;
			defaultConfigurationName = Release;
		};
		3B7FACB726E4BA4300CB2A3C /* Build configuration list for PBXNativeTarget "COVID Tracker VIC" */ = {
			isa = XCConfigurationList;
			buildConfigurations = (
				3B7FACB826E4BA4300CB2A3C /* Debug */,
				3B7FACB926E4BA4300CB2A3C /* Release */,
			);
			defaultConfigurationIsVisible = 0;
			defaultConfigurationName = Release;
		};
/* End XCConfigurationList section */
	};
	rootObject = 3B7FACA026E4BA4100CB2A3C /* Project object */;
}
